PODS:
  - DropDown (2.3.13)
  - KafkaRefresh (1.4.8):
    - KafkaRefresh/Category (= 1.4.8)
    - KafkaRefresh/Configuration (= 1.4.8)
    - KafkaRefresh/Core (= 1.4.8)
    - KafkaRefresh/Default (= 1.4.8)
    - KafkaRefresh/Style (= 1.4.8)
    - KafkaRefresh/UIKit (= 1.4.8)
  - KafkaRefresh/Category (1.4.8)
  - KafkaRefresh/Configuration (1.4.8):
    - KafkaRefresh/UIKit/FootKit
    - KafkaRefresh/UIKit/HeadKit
  - KafkaRefresh/Core (1.4.8):
    - KafkaRefresh/Category
  - KafkaRefresh/Default (1.4.8):
    - KafkaRefresh/Style
  - KafkaRefresh/Style (1.4.8)
  - KafkaRefresh/UIKit (1.4.8):
    - KafkaRefresh/UIKit/FootKit (= 1.4.8)
    - KafkaRefresh/UIKit/HeadKit (= 1.4.8)
    - KafkaRefresh/UIKit/LayerKit (= 1.4.8)
  - KafkaRefresh/UIKit/FootKit (1.4.8):
    - KafkaRefresh/Category
    - KafkaRefresh/Core
    - KafkaRefresh/Default
    - KafkaRefresh/Style
    - KafkaRefresh/UIKit/LayerKit
  - KafkaRefresh/UIKit/HeadKit (1.4.8):
    - KafkaRefresh/Category
    - KafkaRefresh/Core
    - KafkaRefresh/Default
    - KafkaRefresh/Style
    - KafkaRefresh/UIKit/LayerKit
  - KafkaRefresh/UIKit/LayerKit (1.4.8):
    - KafkaRefresh/Category
    - KafkaRefresh/Default
  - MaterialComponents/AnimationTiming (111.0.0)
  - MaterialComponents/Availability (111.0.0)
  - MaterialComponents/Buttons (111.0.0):
    - MaterialComponents/Elevation
    - MaterialComponents/Ink
    - MaterialComponents/private/Math
    - MaterialComponents/Ripple
    - MaterialComponents/ShadowElevations
    - MaterialComponents/ShadowLayer
    - MaterialComponents/ShapeLibrary
    - MaterialComponents/Shapes
    - MaterialComponents/Typography
    - MDFInternationalization
    - MDFTextAccessibility
  - MaterialComponents/Cards (111.0.0):
    - MaterialComponents/Elevation
    - MaterialComponents/Ink
    - MaterialComponents/private/Icons/ic_check_circle
    - MaterialComponents/private/Math
    - MaterialComponents/Ripple
    - MaterialComponents/ShadowLayer
    - MaterialComponents/Shapes
  - MaterialComponents/Elevation (111.0.0):
    - MaterialComponents/Availability
    - MaterialComponents/private/Color
    - MaterialComponents/private/Math
  - MaterialComponents/Ink (111.0.0):
    - MaterialComponents/Availability
    - MaterialComponents/private/Color
    - MaterialComponents/private/Math
  - MaterialComponents/OverlayWindow (111.0.0):
    - MaterialComponents/Availability
    - MaterialComponents/private/Application
  - MaterialComponents/Palettes (111.0.0)
  - MaterialComponents/private/Application (111.0.0)
  - MaterialComponents/private/Color (111.0.0):
    - MaterialComponents/Availability
  - MaterialComponents/private/Icons/Base (111.0.0)
  - MaterialComponents/private/Icons/ic_check_circle (111.0.0):
    - MaterialComponents/private/Icons/Base
  - MaterialComponents/private/KeyboardWatcher (111.0.0):
    - MaterialComponents/private/Application
  - MaterialComponents/private/Math (111.0.0)
  - MaterialComponents/private/Overlay (111.0.0)
  - MaterialComponents/Ripple (111.0.0):
    - MaterialComponents/AnimationTiming
    - MaterialComponents/Availability
    - MaterialComponents/private/Color
    - MaterialComponents/private/Math
  - MaterialComponents/ShadowElevations (111.0.0)
  - MaterialComponents/ShadowLayer (111.0.0):
    - MaterialComponents/ShadowElevations
  - MaterialComponents/ShapeLibrary (111.0.0):
    - MaterialComponents/private/Math
    - MaterialComponents/Shapes
  - MaterialComponents/Shapes (111.0.0):
    - MaterialComponents/private/Color
    - MaterialComponents/private/Math
    - MaterialComponents/ShadowLayer
  - MaterialComponents/Snackbar (111.0.0):
    - MaterialComponents/AnimationTiming
    - MaterialComponents/Availability
    - MaterialComponents/Buttons
    - MaterialComponents/Elevation
    - MaterialComponents/OverlayWindow
    - MaterialComponents/private/Application
    - MaterialComponents/private/KeyboardWatcher
    - MaterialComponents/private/Math
    - MaterialComponents/private/Overlay
    - MaterialComponents/ShadowElevations
    - MaterialComponents/ShadowLayer
    - MaterialComponents/Typography
  - MaterialComponents/TextFields (111.0.0):
    - MaterialComponents/AnimationTiming
    - MaterialComponents/Buttons
    - MaterialComponents/Elevation
    - MaterialComponents/Palettes
    - MaterialComponents/private/Math
    - MaterialComponents/Typography
    - MDFInternationalization
  - MaterialComponents/Typography (111.0.0):
    - MaterialComponents/private/Application
    - MaterialComponents/private/Math
    - MDFTextAccessibility
  - MDFInternationalization (2.0.0)
  - MDFTextAccessibility (2.0.0)
  - SPFakeBar (1.0.9)
  - SPStorkController (1.8.2)

DEPENDENCIES:
  - DropDown
  - KafkaRefresh
  - MaterialComponents/Buttons
  - MaterialComponents/Cards
  - MaterialComponents/Snackbar
  - MaterialComponents/TextFields
  - SPFakeBar
  - SPStorkController

SPEC REPOS:
  trunk:
    - DropDown
    - KafkaRefresh
    - MaterialComponents
    - MDFInternationalization
    - MDFTextAccessibility
    - SPFakeBar
    - SPStorkController

SPEC CHECKSUMS:
  DropDown: 8a2116376c1981888557f72ec2ffc9a5e0e456ec
  KafkaRefresh: aaae4ff23197f2ef38b6b22ca320740beac4bbb4
  MaterialComponents: 533042da998b97ad13a6f544268f8026e8161cc5
  MDFInternationalization: 010097556d6b09d2c4ea38e0820ea6d37be6a314
  MDFTextAccessibility: 85c09a1bd9c321f494348e632a25063bcda35a53
  SPFakeBar: b74ebaa7ff9ca06a39f13dbe668238f15825ee88
  SPStorkController: d809adb3e333ec07760f8bf1b4c628a2801675ac

PODFILE CHECKSUM: ed77f03af4a97ec93e013ad3fd1205637a5998d6

COCOAPODS: 1.8.4
